
Microsoft Visual Studio Solution File, Format Version 12.00
# Visual Studio Version 17
VisualStudioVersion = 17.1.32210.238
MinimumVisualStudioVersion = 10.0.40219.1
Project("{FAE04EC0-301F-11D3-BF4B-00C04F79EFBC}") = "tpmodul4_1302204066", "tpmodul4_1302204066\tpmodul4_1302204066.csproj", "{D013052C-4EB6-45C2-AA25-5FA0B62B6C7C}"
EndProject
Global
	GlobalSection(SolutionConfigurationPlatforms) = preSolution
		Debug|Any CPU = Debug|Any CPU
		Release|Any CPU = Release|Any CPU
	EndGlobalSection
	GlobalSection(ProjectConfigurationPlatforms) = postSolution
		{D013052C-4EB6-45C2-AA25-5FA0B62B6C7C}.Debug|Any CPU.ActiveCfg = Debug|Any CPU
		{D013052C-4EB6-45C2-AA25-5FA0B62B6C7C}.Debug|Any CPU.Build.0 = Debug|Any CPU
		{D013052C-4EB6-45C2-AA25-5FA0B62B6C7C}.Release|Any CPU.ActiveCfg = Release|Any CPU
		{D013052C-4EB6-45C2-AA25-5FA0B62B6C7C}.Release|Any CPU.Build.0 = Release|Any CPU
	EndGlobalSection
	GlobalSection(SolutionProperties) = preSolution
		HideSolutionNode = FALSE
	EndGlobalSection
	GlobalSection(ExtensibilityGlobals) = postSolution
		SolutionGuid = {BDAB0544-3EC0-4CFA-BD0C-1C62729655E1}
	EndGlobalSection
EndGlobal
